// !$*UTF8*$!
{
	archiveVersion = 1;
	classes = {
	};
	objectVersion = 46;
	objects = {

/* Begin PBXBuildFile section */
		172862C11AF1507B006054B9 /* main.m in Sources */ = {isa = PBXBuildFile; fileRef = 172862C01AF1507B006054B9 /* main.m */; };
		172862C41AF1507B006054B9 /* AppDelegate.m in Sources */ = {isa = PBXBuildFile; fileRef = 172862C31AF1507B006054B9 /* AppDelegate.m */; };
		172862C71AF1507B006054B9 /* ViewController.m in Sources */ = {isa = PBXBuildFile; fileRef = 172862C61AF1507B006054B9 /* ViewController.m */; };
		172862CA1AF1507B006054B9 /* Main.storyboard in Resources */ = {isa = PBXBuildFile; fileRef = 172862C81AF1507B006054B9 /* Main.storyboard */; };
		172862CC1AF1507B006054B9 /* Images.xcassets in Resources */ = {isa = PBXBuildFile; fileRef = 172862CB1AF1507B006054B9 /* Images.xcassets */; };
		172862CF1AF1507B006054B9 /* LaunchScreen.xib in Resources */ = {isa = PBXBuildFile; fileRef = 172862CD1AF1507B006054B9 /* LaunchScreen.xib */; };
		172862DB1AF1507B006054B9 /* DeeplinkStoryboardAppTests.m in Sources */ = {isa = PBXBuildFile; fileRef = 172862DA1AF1507B006054B9 /* DeeplinkStoryboardAppTests.m */; };
/* End PBXBuildFile section */

/* Begin PBXContainerItemProxy section */
		172862D51AF1507B006054B9 /* PBXContainerItemProxy */ = {
			isa = PBXContainerItemProxy;
			containerPortal = 172862B31AF1507B006054B9 /* Project object */;
			proxyType = 1;
			remoteGlobalIDString = 172862BA1AF1507B006054B9;
			remoteInfo = DeeplinkStoryboardApp;
		};
/* End PBXContainerItemProxy section */

/* Begin PBXFileReference section */
		172862BB1AF1507B006054B9 /* DeeplinkStoryboardApp.app */ = {isa = PBXFileReference; explicitFileType = wrapper.application; includeInIndex = 0; path = DeeplinkStoryboardApp.app; sourceTree = BUILT_PRODUCTS_DIR; };
		172862BF1AF1507B006054B9 /* Info.plist */ = {isa = PBXFileReference; lastKnownFileType = text.plist.xml; path = Info.plist; sourceTree = "<group>"; };
		172862C01AF1507B006054B9 /* main.m */ = {isa = PBXFileReference; lastKnownFileType = sourcecode.c.objc; path = main.m; sourceTree = "<group>"; };
		172862C21AF1507B006054B9 /* AppDelegate.h */ = {isa = PBXFileReference; lastKnownFileType = sourcecode.c.h; path = AppDelegate.h; sourceTree = "<group>"; };
		172862C31AF1507B006054B9 /* AppDelegate.m */ = {isa = PBXFileReference; lastKnownFileType = sourcecode.c.objc; path = AppDelegate.m; sourceTree = "<group>"; };
		172862C51AF1507B006054B9 /* ViewController.h */ = {isa = PBXFileReference; lastKnownFileType = sourcecode.c.h; path = ViewController.h; sourceTree = "<group>"; };
		172862C61AF1507B006054B9 /* ViewController.m */ = {isa = PBXFileReference; lastKnownFileType = sourcecode.c.objc; path = ViewController.m; sourceTree = "<group>"; };
		172862C91AF1507B006054B9 /* Base */ = {isa = PBXFileReference; lastKnownFileType = file.storyboard; name = Base; path = Base.lproj/Main.storyboard; sourceTree = "<group>"; };
		172862CB1AF1507B006054B9 /* Images.xcassets */ = {isa = PBXFileReference; lastKnownFileType = folder.assetcatalog; path = Images.xcassets; sourceTree = "<group>"; };
		172862CE1AF1507B006054B9 /* Base */ = {isa = PBXFileReference; lastKnownFileType = file.xib; name = Base; path = Base.lproj/LaunchScreen.xib; sourceTree = "<group>"; };
		172862D41AF1507B006054B9 /* DeeplinkStoryboardAppTests.xctest */ = {isa = PBXFileReference; explicitFileType = wrapper.cfbundle; includeInIndex = 0; path = DeeplinkStoryboardAppTests.xctest; sourceTree = BUILT_PRODUCTS_DIR; };
		172862D91AF1507B006054B9 /* Info.plist */ = {isa = PBXFileReference; lastKnownFileType = text.plist.xml; path = Info.plist; sourceTree = "<group>"; };
		172862DA1AF1507B006054B9 /* DeeplinkStoryboardAppTests.m */ = {isa = PBXFileReference; lastKnownFileType = sourcecode.c.objc; path = DeeplinkStoryboardAppTests.m; sourceTree = "<group>"; };
/* End PBXFileReference section */

/* Begin PBXFrameworksBuildPhase section */
		172862B81AF1507B006054B9 /* Frameworks */ = {
			isa = PBXFrameworksBuildPhase;
			buildActionMask = 2147483647;
			files = (
			);
			runOnlyForDeploymentPostprocessing = 0;
		};
		172862D11AF1507B006054B9 /* Frameworks */ = {
			isa = PBXFrameworksBuildPhase;
			buildActionMask = 2147483647;
			files = (
			);
			runOnlyForDeploymentPostprocessing = 0;
		};
/* End PBXFrameworksBuildPhase section */

/* Begin PBXGroup section */
		172862B21AF1507B006054B9 = {
			isa = PBXGroup;
			children = (
				172862BD1AF1507B006054B9 /* DeeplinkStoryboardApp */,
				172862D71AF1507B006054B9 /* DeeplinkStoryboardAppTests */,
				172862BC1AF1507B006054B9 /* Products */,
			);
			sourceTree = "<group>";
		};
		172862BC1AF1507B006054B9 /* Products */ = {
			isa = PBXGroup;
			children = (
				172862BB1AF1507B006054B9 /* DeeplinkStoryboardApp.app */,
				172862D41AF1507B006054B9 /* DeeplinkStoryboardAppTests.xctest */,
			);
			name = Products;
			sourceTree = "<group>";
		};
		172862BD1AF1507B006054B9 /* DeeplinkStoryboardApp */ = {
			isa = PBXGroup;
			children = (
				172862C21AF1507B006054B9 /* AppDelegate.h */,
				172862C31AF1507B006054B9 /* AppDelegate.m */,
				172862C51AF1507B006054B9 /* ViewController.h */,
				172862C61AF1507B006054B9 /* ViewController.m */,
				172862C81AF1507B006054B9 /* Main.storyboard */,
				172862CB1AF1507B006054B9 /* Images.xcassets */,
				172862CD1AF1507B006054B9 /* LaunchScreen.xib */,
				172862BE1AF1507B006054B9 /* Supporting Files */,
			);
			path = DeeplinkStoryboardApp;
			sourceTree = "<group>";
		};
		172862BE1AF1507B006054B9 /* Supporting Files */ = {
			isa = PBXGroup;
			children = (
				172862BF1AF1507B006054B9 /* Info.plist */,
				172862C01AF1507B006054B9 /* main.m */,
			);
			name = "Supporting Files";
			sourceTree = "<group>";
		};
		172862D71AF1507B006054B9 /* DeeplinkStoryboardAppTests */ = {
			isa = PBXGroup;
			children = (
				172862DA1AF1507B006054B9 /* DeeplinkStoryboardAppTests.m */,
				172862D81AF1507B006054B9 /* Supporting Files */,
			);
			path = DeeplinkStoryboardAppTests;
			sourceTree = "<group>";
		};
		172862D81AF1507B006054B9 /* Supporting Files */ = {
			isa = PBXGroup;
			children = (
				172862D91AF1507B006054B9 /* Info.plist */,
			);
			name = "Supporting Files";
			sourceTree = "<group>";
		};
/* End PBXGroup section */

/* Begin PBXNativeTarget section */
		172862BA1AF1507B006054B9 /* DeeplinkStoryboardApp */ = {
			isa = PBXNativeTarget;
			buildConfigurationList = 172862DE1AF1507B006054B9 /* Build configuration list for PBXNativeTarget "DeeplinkStoryboardApp" */;
			buildPhases = (
				172862B71AF1507B006054B9 /* Sources */,
				172862B81AF1507B006054B9 /* Frameworks */,
				172862B91AF1507B006054B9 /* Resources */,
			);
			buildRules = (
			);
			dependencies = (
			);
			name = DeeplinkStoryboardApp;
			productName = DeeplinkStoryboardApp;
			productReference = 172862BB1AF1507B006054B9 /* DeeplinkStoryboardApp.app */;
			productType = "com.apple.product-type.application";
		};
		172862D31AF1507B006054B9 /* DeeplinkStoryboardAppTests */ = {
			isa = PBXNativeTarget;
			buildConfigurationList = 172862E11AF1507B006054B9 /* Build configuration list for PBXNativeTarget "DeeplinkStoryboardAppTests" */;
			buildPhases = (
				172862D01AF1507B006054B9 /* Sources */,
				172862D11AF1507B006054B9 /* Frameworks */,
				172862D21AF1507B006054B9 /* Resources */,
			);
			buildRules = (
			);
			dependencies = (
				172862D61AF1507B006054B9 /* PBXTargetDependency */,
			);
			name = DeeplinkStoryboardAppTests;
			productName = DeeplinkStoryboardAppTests;
			productReference = 172862D41AF1507B006054B9 /* DeeplinkStoryboardAppTests.xctest */;
			productType = "com.apple.product-type.bundle.unit-test";
		};
/* End PBXNativeTarget section */

/* Begin PBXProject section */
		172862B31AF1507B006054B9 /* Project object */ = {
			isa = PBXProject;
			attributes = {
				LastUpgradeCheck = 0630;
				ORGANIZATIONNAME = "Jared McFarland";
				TargetAttributes = {
					172862BA1AF1507B006054B9 = {
						CreatedOnToolsVersion = 6.3.1;
					};
					172862D31AF1507B006054B9 = {
						CreatedOnToolsVersion = 6.3.1;
						TestTargetID = 172862BA1AF1507B006054B9;
					};
				};
			};
			buildConfigurationList = 172862B61AF1507B006054B9 /* Build configuration list for PBXProject "DeeplinkStoryboardApp" */;
			compatibilityVersion = "Xcode 3.2";
			developmentRegion = English;
			hasScannedForEncodings = 0;
			knownRegions = (
				en,
				Base,
			);
			mainGroup = 172862B21AF1507B006054B9;
			productRefGroup = 172862BC1AF1507B006054B9 /* Products */;
			projectDirPath = "";
			projectRoot = "";
			targets = (
				172862BA1AF1507B006054B9 /* DeeplinkStoryboardApp */,
				172862D31AF1507B006054B9 /* DeeplinkStoryboardAppTests */,
			);
		};
/* End PBXProject section */

/* Begin PBXResourcesBuildPhase section */
		172862B91AF1507B006054B9 /* Resources */ = {
			isa = PBXResourcesBuildPhase;
			buildActionMask = 2147483647;
			files = (
				172862CA1AF1507B006054B9 /* Main.storyboard in Resources */,
				172862CF1AF1507B006054B9 /* LaunchScreen.xib in Resources */,
				172862CC1AF1507B006054B9 /* Images.xcassets in Resources */,
			);
			runOnlyForDeploymentPostprocessing = 0;
		};
		172862D21AF1507B006054B9 /* Resources */ = {
			isa = PBXResourcesBuildPhase;
			buildActionMask = 2147483647;
			files = (
			);
			runOnlyForDeploymentPostprocessing = 0;
		};
/* End PBXResourcesBuildPhase section */

/* Begin PBXSourcesBuildPhase section */
		172862B71AF1507B006054B9 /* Sources */ = {
			isa = PBXSourcesBuildPhase;
			buildActionMask = 2147483647;
			files = (
				172862C71AF1507B006054B9 /* ViewController.m in Sources */,
				172862C41AF1507B006054B9 /* AppDelegate.m in Sources */,
				172862C11AF1507B006054B9 /* main.m in Sources */,
			);
			runOnlyForDeploymentPostprocessing = 0;
		};
		172862D01AF1507B006054B9 /* Sources */ = {
			isa = PBXSourcesBuildPhase;
			buildActionMask = 2147483647;
			files = (
				172862DB1AF1507B006054B9 /* DeeplinkStoryboardAppTests.m in Sources */,
			);
			runOnlyForDeploymentPostprocessing = 0;
		};
/* End PBXSourcesBuildPhase section */

/* Begin PBXTargetDependency section */
		172862D61AF1507B006054B9 /* PBXTargetDependency */ = {
			isa = PBXTargetDependency;
			target = 172862BA1AF1507B006054B9 /* DeeplinkStoryboardApp */;
			targetProxy = 172862D51AF1507B006054B9 /* PBXContainerItemProxy */;
		};
/* End PBXTargetDependency section */

/* Begin PBXVariantGroup section */
		172862C81AF1507B006054B9 /* Main.storyboard */ = {
			isa = PBXVariantGroup;
			children = (
				172862C91AF1507B006054B9 /* Base */,
			);
			name = Main.storyboard;
			sourceTree = "<group>";
		};
		172862CD1AF1507B006054B9 /* LaunchScreen.xib */ = {
			isa = PBXVariantGroup;
			children = (
				172862CE1AF1507B006054B9 /* Base */,
			);
			name = LaunchScreen.xib;
			sourceTree = "<group>";
		};
/* End PBXVariantGroup section */

/* Begin XCBuildConfiguration section */
		172862DC1AF1507B006054B9 /* Debug */ = {
			isa = XCBuildConfiguration;
			buildSettings = {
				ALWAYS_SEARCH_USER_PATHS = NO;
				CLANG_CXX_LANGUAGE_STANDARD = "gnu++0x";
				CLANG_CXX_LIBRARY = "libc++";
				CLANG_ENABLE_MODULES = YES;
				CLANG_ENABLE_OBJC_ARC = YES;
				CLANG_WARN_BOOL_CONVERSION = YES;
				CLANG_WARN_CONSTANT_CONVERSION = YES;
				CLANG_WARN_DIRECT_OBJC_ISA_USAGE = YES_ERROR;
				CLANG_WARN_EMPTY_BODY = YES;
				CLANG_WARN_ENUM_CONVERSION = YES;
				CLANG_WARN_INT_CONVERSION = YES;
				CLANG_WARN_OBJC_ROOT_CLASS = YES_ERROR;
				CLANG_WARN_UNREACHABLE_CODE = YES;
				CLANG_WARN__DUPLICATE_METHOD_MATCH = YES;
				"CODE_SIGN_IDENTITY[sdk=iphoneos*]" = "iPhone Developer";
				COPY_PHASE_STRIP = NO;
				DEBUG_INFORMATION_FORMAT = "dwarf-with-dsym";
				ENABLE_STRICT_OBJC_MSGSEND = YES;
				GCC_C_LANGUAGE_STANDARD = gnu99;
				GCC_DYNAMIC_NO_PIC = NO;
				GCC_NO_COMMON_BLOCKS = YES;
				GCC_OPTIMIZATION_LEVEL = 0;
				GCC_PREPROCESSOR_DEFINITIONS = (
					"DEBUG=1",
					"$(inherited)",
				);
				GCC_SYMBOLS_PRIVATE_EXTERN = NO;
				GCC_WARN_64_TO_32_BIT_CONVERSION = YES;
				GCC_WARN_ABOUT_RETURN_TYPE = YES_ERROR;
				GCC_WARN_UNDECLARED_SELECTOR = YES;
				GCC_WARN_UNINITIALIZED_AUTOS = YES_AGGRESSIVE;
				GCC_WARN_UNUSED_FUNCTION = YES;
				GCC_WARN_UNUSED_VARIABLE = YES;
				IPHONEOS_DEPLOYMENT_TARGET = 8.3;
				MTL_ENABLE_DEBUG_INFO = YES;
				ONLY_ACTIVE_ARCH = YES;
				SDKROOT = iphoneos;
			};
			name = Debug;
		};
		172862DD1AF1507B006054B9 /* Release */ = {
			isa = XCBuildConfiguration;
			buildSettings = {
				ALWAYS_SEARCH_USER_PATHS = NO;
				CLANG_CXX_LANGUAGE_STANDARD = "gnu++0x";
				CLANG_CXX_LIBRARY = "libc++";
				CLANG_ENABLE_MODULES = YES;
				CLANG_ENABLE_OBJC_ARC = YES;
				CLANG_WARN_BOOL_CONVERSION = YES;
				CLANG_WARN_CONSTANT_CONVERSION = YES;
				CLANG_WARN_DIRECT_OBJC_ISA_USAGE = YES_ERROR;
				CLANG_WARN_EMPTY_BODY = YES;
				CLANG_WARN_ENUM_CONVERSION = YES;
				CLANG_WARN_INT_CONVERSION = YES;
				CLANG_WARN_OBJC_ROOT_CLASS = YES_ERROR;
				CLANG_WARN_UNREACHABLE_CODE = YES;
				CLANG_WARN__DUPLICATE_METHOD_MATCH = YES;
				"CODE_SIGN_IDENTITY[sdk=iphoneos*]" = "iPhone Developer";
				COPY_PHASE_STRIP = NO;
				DEBUG_INFORMATION_FORMAT = "dwarf-with-dsym";
				ENABLE_NS_ASSERTIONS = NO;
				ENABLE_STRICT_OBJC_MSGSEND = YES;
				GCC_C_LANGUAGE_STANDARD = gnu99;
				GCC_NO_COMMON_BLOCKS = YES;
				GCC_WARN_64_TO_32_BIT_CONVERSION = YES;
				GCC_WARN_ABOUT_RETURN_TYPE = YES_ERROR;
				GCC_WARN_UNDECLARED_SELECTOR = YES;
				GCC_WARN_UNINITIALIZED_AUTOS = YES_AGGRESSIVE;
				GCC_WARN_UNUSED_FUNCTION = YES;
				GCC_WARN_UNUSED_VARIABLE = YES;
				IPHONEOS_DEPLOYMENT_TARGET = 8.3;
				MTL_ENABLE_DEBUG_INFO = NO;
				SDKROOT = iphoneos;
				VALIDATE_PRODUCT = YES;
			};
			name = Release;
		};
		172862DF1AF1507B006054B9 /* Debug */ = {
			isa = XCBuildConfiguration;
			buildSettings = {
				ASSETCATALOG_COMPILER_APPICON_NAME = AppIcon;
				INFOPLIST_FILE = DeeplinkStoryboardApp/Info.plist;
				LD_RUNPATH_SEARCH_PATHS = "$(inherited) @executable_path/Frameworks";
				PRODUCT_NAME = "$(TARGET_NAME)";
			};
			name = Debug;
		};
		172862E01AF1507B006054B9 /* Release */ = {
			isa = XCBuildConfiguration;
			buildSettings = {
				ASSETCATALOG_COMPILER_APPICON_NAME = AppIcon;
				INFOPLIST_FILE = DeeplinkStoryboardApp/Info.plist;
				LD_RUNPATH_SEARCH_PATHS = "$(inherited) @executable_path/Frameworks";
				PRODUCT_NAME = "$(TARGET_NAME)";
			};
			name = Release;
		};
		172862E21AF1507B006054B9 /* Debug */ = {
			isa = XCBuildConfiguration;
			buildSettings = {
				BUNDLE_LOADER = "$(TEST_HOST)";
				FRAMEWORK_SEARCH_PATHS = (
					"$(SDKROOT)/Developer/Library/Frameworks",
					"$(inherited)",
				);
				GCC_PREPROCESSOR_DEFINITIONS = (
					"DEBUG=1",
					"$(inherited)",
				);
				INFOPLIST_FILE = DeeplinkStoryboardAppTests/Info.plist;
				LD_RUNPATH_SEARCH_PATHS = "$(inherited) @executable_path/Frameworks @loader_path/Frameworks";
				PRODUCT_NAME = "$(TARGET_NAME)";
				TEST_HOST = "$(BUILT_PRODUCTS_DIR)/DeeplinkStoryboardApp.app/DeeplinkStoryboardApp";
			};
			name = Debug;
		};
		172862E31AF1507B006054B9 /* Release */ = {
			isa = XCBuildConfiguration;
			buildSettings = {
				BUNDLE_LOADER = "$(TEST_HOST)";
				FRAMEWORK_SEARCH_PATHS = (
					"$(SDKROOT)/Developer/Library/Frameworks",
					"$(inherited)",
				);
				INFOPLIST_FILE = DeeplinkStoryboardAppTests/Info.plist;
				LD_RUNPATH_SEARCH_PATHS = "$(inherited) @executable_path/Frameworks @loader_path/Frameworks";
				PRODUCT_NAME = "$(TARGET_NAME)";
				TEST_HOST = "$(BUILT_PRODUCTS_DIR)/DeeplinkStoryboardApp.app/DeeplinkStoryboardApp";
			};
			name = Release;
		};
/* End XCBuildConfiguration section */

/* Begin XCConfigurationList section */
		172862B61AF1507B006054B9 /* Build configuration list for PBXProject "DeeplinkStoryboardApp" */ = {
			isa = XCConfigurationList;
			buildConfigurations = (
				172862DC1AF1507B006054B9 /* Debug */,
				172862DD1AF1507B006054B9 /* Release */,
			);
			defaultConfigurationIsVisible = 0;
			defaultConfigurationName = Release;
		};
		172862DE1AF1507B006054B9 /* Build configuration list for PBXNativeTarget "DeeplinkStoryboardApp" */ = {
			isa = XCConfigurationList;
			buildConfigurations = (
				172862DF1AF1507B006054B9 /* Debug */,
				172862E01AF1507B006054B9 /* Release */,
			);
			defaultConfigurationIsVisible = 0;
		};
		172862E11AF1507B006054B9 /* Build configuration list for PBXNativeTarget "DeeplinkStoryboardAppTests" */ = {
			isa = XCConfigurationList;
			buildConfigurations = (
				172862E21AF1507B006054B9 /* Debug */,
				172862E31AF1507B006054B9 /* Release */,
			);
			defaultConfigurationIsVisible = 0;
		};
/* End XCConfigurationList section */
	};
	rootObject = 172862B31AF1507B006054B9 /* Project object */;
}
